
Microsoft Visual Studio Solution File, Format Version 12.00
# Visual Studio Version 16
VisualStudioVersion = 16.0.29728.190
MinimumVisualStudioVersion = 10.0.40219.1
Project("{FAE04EC0-301F-11D3-BF4B-00C04F79EFBC}") = "LoginPassword", "LoginPassword.csproj", "{F3220BA1-0265-43B9-A590-AC0718F7F40D}"
EndProject
Global
	GlobalSection(SolutionConfigurationPlatforms) = preSolution
		Debug|Any CPU = Debug|Any CPU
		Release|Any CPU = Release|Any CPU
	EndGlobalSection
	GlobalSection(ProjectConfigurationPlatforms) = postSolution
		{F3220BA1-0265-43B9-A590-AC0718F7F40D}.Debug|Any CPU.ActiveCfg = Debug|Any CPU
		{F3220BA1-0265-43B9-A590-AC0718F7F40D}.Debug|Any CPU.Build.0 = Debug|Any CPU
		{F3220BA1-0265-43B9-A590-AC0718F7F40D}.Release|Any CPU.ActiveCfg = Release|Any CPU
		{F3220BA1-0265-43B9-A590-AC0718F7F40D}.Release|Any CPU.Build.0 = Release|Any CPU
	EndGlobalSection
	GlobalSection(SolutionProperties) = preSolution
		HideSolutionNode = FALSE
	EndGlobalSection
	GlobalSection(ExtensibilityGlobals) = postSolution
		SolutionGuid = {DFA06BA7-F61A-469E-9771-ADC422F59CEA}
	EndGlobalSection
EndGlobal
